
Microsoft Visual Studio Solution File, Format Version 12.00
# Visual Studio Version 17
VisualStudioVersion = 17.11.35208.52
MinimumVisualStudioVersion = 10.0.40219.1
Project("{FAE04EC0-301F-11D3-BF4B-00C04F79EFBC}") = "PrimeraApp", "PrimeraApp\PrimeraApp.csproj", "{7C254792-D743-49C1-859C-B2FB1CAF65F1}"
EndProject
Global
	GlobalSection(SolutionConfigurationPlatforms) = preSolution
		Debug|Any CPU = Debug|Any CPU
		Release|Any CPU = Release|Any CPU
	EndGlobalSection
	GlobalSection(ProjectConfigurationPlatforms) = postSolution
		{7C254792-D743-49C1-859C-B2FB1CAF65F1}.Debug|Any CPU.ActiveCfg = Debug|Any CPU
		{7C254792-D743-49C1-859C-B2FB1CAF65F1}.Debug|Any CPU.Build.0 = Debug|Any CPU
		{7C254792-D743-49C1-859C-B2FB1CAF65F1}.Release|Any CPU.ActiveCfg = Release|Any CPU
		{7C254792-D743-49C1-859C-B2FB1CAF65F1}.Release|Any CPU.Build.0 = Release|Any CPU
	EndGlobalSection
	GlobalSection(SolutionProperties) = preSolution
		HideSolutionNode = FALSE
	EndGlobalSection
	GlobalSection(ExtensibilityGlobals) = postSolution
		SolutionGuid = {33C574A7-7769-4299-9B0E-1A85327B1938}
	EndGlobalSection
EndGlobal
